{
  "name": "e-commerce-MERN",
  "lockfileVersion": 3,
  "requires": true,
  "packages": {
    "": {
      "dependencies": {
        "reshake": "^2.0.0"
      }
    },
    "node_modules/reshake": {
      "version": "2.0.0",
      "resolved": "https://registry.npmjs.org/reshake/-/reshake-2.0.0.tgz",
      "integrity": "sha512-MEu8bHA7ZJjSoxtzS8fkTv+aOflZ1IoYmTSOJ6gwZwWulWGRa5arU6ntbF3aYmbGixZV5/F0FeUyeIMBIaJeDA==",
      "license": "MIT",
      "peerDependencies": {
        "styled-components": "^4.0.0 || ^5.0.0"
      }
    }
  }
}
